
Microsoft Visual Studio Solution File, Format Version 12.00
# Visual Studio Version 16
VisualStudioVersion = 16.0.31624.102
MinimumVisualStudioVersion = 10.0.40219.1
Project("{FAE04EC0-301F-11D3-BF4B-00C04F79EFBC}") = "RabbitMQ.Example.Consumer", "RabbitMQ.Example.Consumer\RabbitMQ.Example.Consumer.csproj", "{65E6E2C8-96B2-4EE2-9005-4832F352015C}"
EndProject
Project("{FAE04EC0-301F-11D3-BF4B-00C04F79EFBC}") = "RabbitMQ.Example.Producer", "RabbitMQ.Example.Producer\RabbitMQ.Example.Producer.csproj", "{87BF4F47-9764-4B64-A04C-5D97FBAF0589}"
EndProject
Global
	GlobalSection(SolutionConfigurationPlatforms) = preSolution
		Debug|Any CPU = Debug|Any CPU
		Release|Any CPU = Release|Any CPU
	EndGlobalSection
	GlobalSection(ProjectConfigurationPlatforms) = postSolution
		{65E6E2C8-96B2-4EE2-9005-4832F352015C}.Debug|Any CPU.ActiveCfg = Debug|Any CPU
		{65E6E2C8-96B2-4EE2-9005-4832F352015C}.Debug|Any CPU.Build.0 = Debug|Any CPU
		{65E6E2C8-96B2-4EE2-9005-4832F352015C}.Release|Any CPU.ActiveCfg = Release|Any CPU
		{65E6E2C8-96B2-4EE2-9005-4832F352015C}.Release|Any CPU.Build.0 = Release|Any CPU
		{87BF4F47-9764-4B64-A04C-5D97FBAF0589}.Debug|Any CPU.ActiveCfg = Debug|Any CPU
		{87BF4F47-9764-4B64-A04C-5D97FBAF0589}.Debug|Any CPU.Build.0 = Debug|Any CPU
		{87BF4F47-9764-4B64-A04C-5D97FBAF0589}.Release|Any CPU.ActiveCfg = Release|Any CPU
		{87BF4F47-9764-4B64-A04C-5D97FBAF0589}.Release|Any CPU.Build.0 = Release|Any CPU
	EndGlobalSection
	GlobalSection(SolutionProperties) = preSolution
		HideSolutionNode = FALSE
	EndGlobalSection
	GlobalSection(ExtensibilityGlobals) = postSolution
		SolutionGuid = {F8AF431B-8C13-4C0A-B3FA-6517C1445882}
	EndGlobalSection
EndGlobal
